{
  "originHash" : "2a0dadc6fd554a747f16130a01f075120f2a9e7edc8c9c57162dc622eb2fe491",
  "pins" : [
    {
      "identity" : "bigint",
      "kind" : "remoteSourceControl",
      "location" : "https://github.com/attaswift/BigInt.git",
      "state" : {
        "revision" : "e07e00fa1fd435143a2dcf8b7eec9a7710b2fdfe",
        "version" : "5.7.0"
      }
    },
    {
      "identity" : "hap",
      "kind" : "remoteSourceControl",
      "location" : "https://github.com/TheMisFit68/HAP",
      "state" : {
        "branch" : "master",
        "revision" : "51e3505a34eb842f7491fda48bb4ef873b16b68c"
      }
    },
    {
      "identity" : "regex",
      "kind" : "remoteSourceControl",
      "location" : "https://github.com/crossroadlabs/Regex.git",
      "state" : {
        "revision" : "166728756082a9cac6e4aed3ebbce8e41cb3a945",
        "version" : "1.2.0"
      }
    },
    {
      "identity" : "srp",
      "kind" : "remoteSourceControl",
      "location" : "https://github.com/Bouke/SRP.git",
      "state" : {
        "revision" : "c01934477cb0aa14b4da5c3cb61d447bd6393ce0",
        "version" : "3.2.1"
      }
    },
    {
      "identity" : "swift-atomics",
      "kind" : "remoteSourceControl",
      "location" : "https://github.com/apple/swift-atomics.git",
      "state" : {
        "revision" : "b601256eab081c0f92f059e12818ac1d4f178ff7",
        "version" : "1.3.0"
      }
    },
    {
      "identity" : "swift-collections",
      "kind" : "remoteSourceControl",
      "location" : "https://github.com/apple/swift-collections.git",
      "state" : {
        "revision" : "8d9834a6189db730f6264db7556a7ffb751e99ee",
        "version" : "1.4.0"
      }
    },
    {
      "identity" : "swift-crypto",
      "kind" : "remoteSourceControl",
      "location" : "https://github.com/apple/swift-crypto.git",
      "state" : {
        "revision" : "ddb07e896a2a8af79512543b1c7eb9797f8898a5",
        "version" : "1.1.7"
      }
    },
    {
      "identity" : "swift-log",
      "kind" : "remoteSourceControl",
      "location" : "https://github.com/apple/swift-log.git",
      "state" : {
        "revision" : "bbd81b6725ae874c69e9b8c8804d462356b55523",
        "version" : "1.10.1"
      }
    },
    {
      "identity" : "swift-nio",
      "kind" : "remoteSourceControl",
      "location" : "https://github.com/apple/swift-nio.git",
      "state" : {
        "revision" : "e932d3c4d8f77433c8f7093b5ebcbf91463948a0",
        "version" : "2.95.0"
      }
    },
    {
      "identity" : "swift-system",
      "kind" : "remoteSourceControl",
      "location" : "https://github.com/apple/swift-system.git",
      "state" : {
        "revision" : "7c6ad0fc39d0763e0b699210e4124afd5041c5df",
        "version" : "1.6.4"
      }
    }
  ],
  "version" : 3
}
